// !$*UTF8*$!
{
	archiveVersion = 1;
	classes = {
	};
	objectVersion = 46;
	objects = {

/* Begin PBXBuildFile section */
		9F399BD01DAF5ABB0034D244 /* AppDelegate.swift in Sources */ = {isa = PBXBuildFile; fileRef = 9F399BCF1DAF5ABB0034D244 /* AppDelegate.swift */; };
		9F399BD21DAF5ABB0034D244 /* ViewController.swift in Sources */ = {isa = PBXBuildFile; fileRef = 9F399BD11DAF5ABB0034D244 /* ViewController.swift */; };
		9F399BD71DAF5ABB0034D244 /* Assets.xcassets in Resources */ = {isa = PBXBuildFile; fileRef = 9F399BD61DAF5ABB0034D244 /* Assets.xcassets */; };
		9F399BDA1DAF5ABB0034D244 /* LaunchScreen.storyboard in Resources */ = {isa = PBXBuildFile; fileRef = 9F399BD81DAF5ABB0034D244 /* LaunchScreen.storyboard */; };
		9F399BE51DAF5ABB0034D244 /* Swift_TimeMovieTests.swift in Sources */ = {isa = PBXBuildFile; fileRef = 9F399BE41DAF5ABB0034D244 /* Swift_TimeMovieTests.swift */; };
		9F399BF01DAF5ABB0034D244 /* Swift_TimeMovieUITests.swift in Sources */ = {isa = PBXBuildFile; fileRef = 9F399BEF1DAF5ABB0034D244 /* Swift_TimeMovieUITests.swift */; };
		9F399BFE1DAF5BC40034D244 /* MainViewController.swift in Sources */ = {isa = PBXBuildFile; fileRef = 9F399BFD1DAF5BC40034D244 /* MainViewController.swift */; };
		9F399C011DAF60170034D244 /* BaseNavViewController.swift in Sources */ = {isa = PBXBuildFile; fileRef = 9F399C001DAF60170034D244 /* BaseNavViewController.swift */; };
/* End PBXBuildFile section */

/* Begin PBXContainerItemProxy section */
		9F399BE11DAF5ABB0034D244 /* PBXContainerItemProxy */ = {
			isa = PBXContainerItemProxy;
			containerPortal = 9F399BC41DAF5ABB0034D244 /* Project object */;
			proxyType = 1;
			remoteGlobalIDString = 9F399BCB1DAF5ABB0034D244;
			remoteInfo = "Swift-TimeMovie";
		};
		9F399BEC1DAF5ABB0034D244 /* PBXContainerItemProxy */ = {
			isa = PBXContainerItemProxy;
			containerPortal = 9F399BC41DAF5ABB0034D244 /* Project object */;
			proxyType = 1;
			remoteGlobalIDString = 9F399BCB1DAF5ABB0034D244;
			remoteInfo = "Swift-TimeMovie";
		};
/* End PBXContainerItemProxy section */

/* Begin PBXFileReference section */
		9F399BCC1DAF5ABB0034D244 /* Swift-TimeMovie.app */ = {isa = PBXFileReference; explicitFileType = wrapper.application; includeInIndex = 0; path = "Swift-TimeMovie.app"; sourceTree = BUILT_PRODUCTS_DIR; };
		9F399BCF1DAF5ABB0034D244 /* AppDelegate.swift */ = {isa = PBXFileReference; lastKnownFileType = sourcecode.swift; path = AppDelegate.swift; sourceTree = "<group>"; };
		9F399BD11DAF5ABB0034D244 /* ViewController.swift */ = {isa = PBXFileReference; lastKnownFileType = sourcecode.swift; path = ViewController.swift; sourceTree = "<group>"; };
		9F399BD61DAF5ABB0034D244 /* Assets.xcassets */ = {isa = PBXFileReference; lastKnownFileType = folder.assetcatalog; path = Assets.xcassets; sourceTree = "<group>"; };
		9F399BD91DAF5ABB0034D244 /* Base */ = {isa = PBXFileReference; lastKnownFileType = file.storyboard; name = Base; path = Base.lproj/LaunchScreen.storyboard; sourceTree = "<group>"; };
		9F399BDB1DAF5ABB0034D244 /* Info.plist */ = {isa = PBXFileReference; lastKnownFileType = text.plist.xml; path = Info.plist; sourceTree = "<group>"; };
		9F399BE01DAF5ABB0034D244 /* Swift-TimeMovieTests.xctest */ = {isa = PBXFileReference; explicitFileType = wrapper.cfbundle; includeInIndex = 0; path = "Swift-TimeMovieTests.xctest"; sourceTree = BUILT_PRODUCTS_DIR; };
		9F399BE41DAF5ABB0034D244 /* Swift_TimeMovieTests.swift */ = {isa = PBXFileReference; lastKnownFileType = sourcecode.swift; path = Swift_TimeMovieTests.swift; sourceTree = "<group>"; };
		9F399BE61DAF5ABB0034D244 /* Info.plist */ = {isa = PBXFileReference; lastKnownFileType = text.plist.xml; path = Info.plist; sourceTree = "<group>"; };
		9F399BEB1DAF5ABB0034D244 /* Swift-TimeMovieUITests.xctest */ = {isa = PBXFileReference; explicitFileType = wrapper.cfbundle; includeInIndex = 0; path = "Swift-TimeMovieUITests.xctest"; sourceTree = BUILT_PRODUCTS_DIR; };
		9F399BEF1DAF5ABB0034D244 /* Swift_TimeMovieUITests.swift */ = {isa = PBXFileReference; lastKnownFileType = sourcecode.swift; path = Swift_TimeMovieUITests.swift; sourceTree = "<group>"; };
		9F399BF11DAF5ABB0034D244 /* Info.plist */ = {isa = PBXFileReference; lastKnownFileType = text.plist.xml; path = Info.plist; sourceTree = "<group>"; };
		9F399BFD1DAF5BC40034D244 /* MainViewController.swift */ = {isa = PBXFileReference; fileEncoding = 4; lastKnownFileType = sourcecode.swift; path = MainViewController.swift; sourceTree = "<group>"; };
		9F399C001DAF60170034D244 /* BaseNavViewController.swift */ = {isa = PBXFileReference; fileEncoding = 4; lastKnownFileType = sourcecode.swift; path = BaseNavViewController.swift; sourceTree = "<group>"; };
/* End PBXFileReference section */

/* Begin PBXFrameworksBuildPhase section */
		9F399BC91DAF5ABB0034D244 /* Frameworks */ = {
			isa = PBXFrameworksBuildPhase;
			buildActionMask = 2147483647;
			files = (
			);
			runOnlyForDeploymentPostprocessing = 0;
		};
		9F399BDD1DAF5ABB0034D244 /* Frameworks */ = {
			isa = PBXFrameworksBuildPhase;
			buildActionMask = 2147483647;
			files = (
			);
			runOnlyForDeploymentPostprocessing = 0;
		};
		9F399BE81DAF5ABB0034D244 /* Frameworks */ = {
			isa = PBXFrameworksBuildPhase;
			buildActionMask = 2147483647;
			files = (
			);
			runOnlyForDeploymentPostprocessing = 0;
		};
/* End PBXFrameworksBuildPhase section */

/* Begin PBXGroup section */
		9F399BC31DAF5ABB0034D244 = {
			isa = PBXGroup;
			children = (
				9F399BCE1DAF5ABB0034D244 /* Swift-TimeMovie */,
				9F399BE31DAF5ABB0034D244 /* Swift-TimeMovieTests */,
				9F399BEE1DAF5ABB0034D244 /* Swift-TimeMovieUITests */,
				9F399BCD1DAF5ABB0034D244 /* Products */,
			);
			sourceTree = "<group>";
		};
		9F399BCD1DAF5ABB0034D244 /* Products */ = {
			isa = PBXGroup;
			children = (
				9F399BCC1DAF5ABB0034D244 /* Swift-TimeMovie.app */,
				9F399BE01DAF5ABB0034D244 /* Swift-TimeMovieTests.xctest */,
				9F399BEB1DAF5ABB0034D244 /* Swift-TimeMovieUITests.xctest */,
			);
			name = Products;
			sourceTree = "<group>";
		};
		9F399BCE1DAF5ABB0034D244 /* Swift-TimeMovie */ = {
			isa = PBXGroup;
			children = (
				9F399BCF1DAF5ABB0034D244 /* AppDelegate.swift */,
				9F399BFD1DAF5BC40034D244 /* MainViewController.swift */,
				9F399BD11DAF5ABB0034D244 /* ViewController.swift */,
				9F399BFF1DAF5F750034D244 /* Base */,
				9F399BD61DAF5ABB0034D244 /* Assets.xcassets */,
				9F399BD81DAF5ABB0034D244 /* LaunchScreen.storyboard */,
				9F399BDB1DAF5ABB0034D244 /* Info.plist */,
			);
			path = "Swift-TimeMovie";
			sourceTree = "<group>";
		};
		9F399BE31DAF5ABB0034D244 /* Swift-TimeMovieTests */ = {
			isa = PBXGroup;
			children = (
				9F399BE41DAF5ABB0034D244 /* Swift_TimeMovieTests.swift */,
				9F399BE61DAF5ABB0034D244 /* Info.plist */,
			);
			path = "Swift-TimeMovieTests";
			sourceTree = "<group>";
		};
		9F399BEE1DAF5ABB0034D244 /* Swift-TimeMovieUITests */ = {
			isa = PBXGroup;
			children = (
				9F399BEF1DAF5ABB0034D244 /* Swift_TimeMovieUITests.swift */,
				9F399BF11DAF5ABB0034D244 /* Info.plist */,
			);
			path = "Swift-TimeMovieUITests";
			sourceTree = "<group>";
		};
		9F399BFF1DAF5F750034D244 /* Base */ = {
			isa = PBXGroup;
			children = (
				9F399C001DAF60170034D244 /* BaseNavViewController.swift */,
			);
			name = Base;
			sourceTree = "<group>";
		};
/* End PBXGroup section */

/* Begin PBXNativeTarget section */
		9F399BCB1DAF5ABB0034D244 /* Swift-TimeMovie */ = {
			isa = PBXNativeTarget;
			buildConfigurationList = 9F399BF41DAF5ABB0034D244 /* Build configuration list for PBXNativeTarget "Swift-TimeMovie" */;
			buildPhases = (
				9F399BC81DAF5ABB0034D244 /* Sources */,
				9F399BC91DAF5ABB0034D244 /* Frameworks */,
				9F399BCA1DAF5ABB0034D244 /* Resources */,
			);
			buildRules = (
			);
			dependencies = (
			);
			name = "Swift-TimeMovie";
			productName = "Swift-TimeMovie";
			productReference = 9F399BCC1DAF5ABB0034D244 /* Swift-TimeMovie.app */;
			productType = "com.apple.product-type.application";
		};
		9F399BDF1DAF5ABB0034D244 /* Swift-TimeMovieTests */ = {
			isa = PBXNativeTarget;
			buildConfigurationList = 9F399BF71DAF5ABB0034D244 /* Build configuration list for PBXNativeTarget "Swift-TimeMovieTests" */;
			buildPhases = (
				9F399BDC1DAF5ABB0034D244 /* Sources */,
				9F399BDD1DAF5ABB0034D244 /* Frameworks */,
				9F399BDE1DAF5ABB0034D244 /* Resources */,
			);
			buildRules = (
			);
			dependencies = (
				9F399BE21DAF5ABB0034D244 /* PBXTargetDependency */,
			);
			name = "Swift-TimeMovieTests";
			productName = "Swift-TimeMovieTests";
			productReference = 9F399BE01DAF5ABB0034D244 /* Swift-TimeMovieTests.xctest */;
			productType = "com.apple.product-type.bundle.unit-test";
		};
		9F399BEA1DAF5ABB0034D244 /* Swift-TimeMovieUITests */ = {
			isa = PBXNativeTarget;
			buildConfigurationList = 9F399BFA1DAF5ABB0034D244 /* Build configuration list for PBXNativeTarget "Swift-TimeMovieUITests" */;
			buildPhases = (
				9F399BE71DAF5ABB0034D244 /* Sources */,
				9F399BE81DAF5ABB0034D244 /* Frameworks */,
				9F399BE91DAF5ABB0034D244 /* Resources */,
			);
			buildRules = (
			);
			dependencies = (
				9F399BED1DAF5ABB0034D244 /* PBXTargetDependency */,
			);
			name = "Swift-TimeMovieUITests";
			productName = "Swift-TimeMovieUITests";
			productReference = 9F399BEB1DAF5ABB0034D244 /* Swift-TimeMovieUITests.xctest */;
			productType = "com.apple.product-type.bundle.ui-testing";
		};
/* End PBXNativeTarget section */

/* Begin PBXProject section */
		9F399BC41DAF5ABB0034D244 /* Project object */ = {
			isa = PBXProject;
			attributes = {
				LastSwiftUpdateCheck = 0800;
				LastUpgradeCheck = 0800;
				ORGANIZATIONNAME = LLQ;
				TargetAttributes = {
					9F399BCB1DAF5ABB0034D244 = {
						CreatedOnToolsVersion = 8.0;
						ProvisioningStyle = Automatic;
					};
					9F399BDF1DAF5ABB0034D244 = {
						CreatedOnToolsVersion = 8.0;
						DevelopmentTeam = GXJMB867PL;
						ProvisioningStyle = Automatic;
						TestTargetID = 9F399BCB1DAF5ABB0034D244;
					};
					9F399BEA1DAF5ABB0034D244 = {
						CreatedOnToolsVersion = 8.0;
						DevelopmentTeam = GXJMB867PL;
						ProvisioningStyle = Automatic;
						TestTargetID = 9F399BCB1DAF5ABB0034D244;
					};
				};
			};
			buildConfigurationList = 9F399BC71DAF5ABB0034D244 /* Build configuration list for PBXProject "Swift-TimeMovie" */;
			compatibilityVersion = "Xcode 3.2";
			developmentRegion = English;
			hasScannedForEncodings = 0;
			knownRegions = (
				en,
				Base,
			);
			mainGroup = 9F399BC31DAF5ABB0034D244;
			productRefGroup = 9F399BCD1DAF5ABB0034D244 /* Products */;
			projectDirPath = "";
			projectRoot = "";
			targets = (
				9F399BCB1DAF5ABB0034D244 /* Swift-TimeMovie */,
				9F399BDF1DAF5ABB0034D244 /* Swift-TimeMovieTests */,
				9F399BEA1DAF5ABB0034D244 /* Swift-TimeMovieUITests */,
			);
		};
/* End PBXProject section */

/* Begin PBXResourcesBuildPhase section */
		9F399BCA1DAF5ABB0034D244 /* Resources */ = {
			isa = PBXResourcesBuildPhase;
			buildActionMask = 2147483647;
			files = (
				9F399BDA1DAF5ABB0034D244 /* LaunchScreen.storyboard in Resources */,
				9F399BD71DAF5ABB0034D244 /* Assets.xcassets in Resources */,
			);
			runOnlyForDeploymentPostprocessing = 0;
		};
		9F399BDE1DAF5ABB0034D244 /* Resources */ = {
			isa = PBXResourcesBuildPhase;
			buildActionMask = 2147483647;
			files = (
			);
			runOnlyForDeploymentPostprocessing = 0;
		};
		9F399BE91DAF5ABB0034D244 /* Resources */ = {
			isa = PBXResourcesBuildPhase;
			buildActionMask = 2147483647;
			files = (
			);
			runOnlyForDeploymentPostprocessing = 0;
		};
/* End PBXResourcesBuildPhase section */

/* Begin PBXSourcesBuildPhase section */
		9F399BC81DAF5ABB0034D244 /* Sources */ = {
			isa = PBXSourcesBuildPhase;
			buildActionMask = 2147483647;
			files = (
				9F399BFE1DAF5BC40034D244 /* MainViewController.swift in Sources */,
				9F399C011DAF60170034D244 /* BaseNavViewController.swift in Sources */,
				9F399BD21DAF5ABB0034D244 /* ViewController.swift in Sources */,
				9F399BD01DAF5ABB0034D244 /* AppDelegate.swift in Sources */,
			);
			runOnlyForDeploymentPostprocessing = 0;
		};
		9F399BDC1DAF5ABB0034D244 /* Sources */ = {
			isa = PBXSourcesBuildPhase;
			buildActionMask = 2147483647;
			files = (
				9F399BE51DAF5ABB0034D244 /* Swift_TimeMovieTests.swift in Sources */,
			);
			runOnlyForDeploymentPostprocessing = 0;
		};
		9F399BE71DAF5ABB0034D244 /* Sources */ = {
			isa = PBXSourcesBuildPhase;
			buildActionMask = 2147483647;
			files = (
				9F399BF01DAF5ABB0034D244 /* Swift_TimeMovieUITests.swift in Sources */,
			);
			runOnlyForDeploymentPostprocessing = 0;
		};
/* End PBXSourcesBuildPhase section */

/* Begin PBXTargetDependency section */
		9F399BE21DAF5ABB0034D244 /* PBXTargetDependency */ = {
			isa = PBXTargetDependency;
			target = 9F399BCB1DAF5ABB0034D244 /* Swift-TimeMovie */;
			targetProxy = 9F399BE11DAF5ABB0034D244 /* PBXContainerItemProxy */;
		};
		9F399BED1DAF5ABB0034D244 /* PBXTargetDependency */ = {
			isa = PBXTargetDependency;
			target = 9F399BCB1DAF5ABB0034D244 /* Swift-TimeMovie */;
			targetProxy = 9F399BEC1DAF5ABB0034D244 /* PBXContainerItemProxy */;
		};
/* End PBXTargetDependency section */

/* Begin PBXVariantGroup section */
		9F399BD81DAF5ABB0034D244 /* LaunchScreen.storyboard */ = {
			isa = PBXVariantGroup;
			children = (
				9F399BD91DAF5ABB0034D244 /* Base */,
			);
			name = LaunchScreen.storyboard;
			sourceTree = "<group>";
		};
/* End PBXVariantGroup section */

/* Begin XCBuildConfiguration section */
		9F399BF21DAF5ABB0034D244 /* Debug */ = {
			isa = XCBuildConfiguration;
			buildSettings = {
				ALWAYS_SEARCH_USER_PATHS = NO;
				CLANG_ANALYZER_NONNULL = YES;
				CLANG_CXX_LANGUAGE_STANDARD = "gnu++0x";
				CLANG_CXX_LIBRARY = "libc++";
				CLANG_ENABLE_MODULES = YES;
				CLANG_ENABLE_OBJC_ARC = YES;
				CLANG_WARN_BOOL_CONVERSION = YES;
				CLANG_WARN_CONSTANT_CONVERSION = YES;
				CLANG_WARN_DIRECT_OBJC_ISA_USAGE = YES_ERROR;
				CLANG_WARN_DOCUMENTATION_COMMENTS = YES;
				CLANG_WARN_EMPTY_BODY = YES;
				CLANG_WARN_ENUM_CONVERSION = YES;
				CLANG_WARN_INFINITE_RECURSION = YES;
				CLANG_WARN_INT_CONVERSION = YES;
				CLANG_WARN_OBJC_ROOT_CLASS = YES_ERROR;
				CLANG_WARN_SUSPICIOUS_MOVES = YES;
				CLANG_WARN_UNREACHABLE_CODE = YES;
				CLANG_WARN__DUPLICATE_METHOD_MATCH = YES;
				"CODE_SIGN_IDENTITY[sdk=iphoneos*]" = "iPhone Developer";
				COPY_PHASE_STRIP = NO;
				DEBUG_INFORMATION_FORMAT = dwarf;
				ENABLE_STRICT_OBJC_MSGSEND = YES;
				ENABLE_TESTABILITY = YES;
				GCC_C_LANGUAGE_STANDARD = gnu99;
				GCC_DYNAMIC_NO_PIC = NO;
				GCC_NO_COMMON_BLOCKS = YES;
				GCC_OPTIMIZATION_LEVEL = 0;
				GCC_PREPROCESSOR_DEFINITIONS = (
					"DEBUG=1",
					"$(inherited)",
				);
				GCC_WARN_64_TO_32_BIT_CONVERSION = YES;
				GCC_WARN_ABOUT_RETURN_TYPE = YES_ERROR;
				GCC_WARN_UNDECLARED_SELECTOR = YES;
				GCC_WARN_UNINITIALIZED_AUTOS = YES_AGGRESSIVE;
				GCC_WARN_UNUSED_FUNCTION = YES;
				GCC_WARN_UNUSED_VARIABLE = YES;
				IPHONEOS_DEPLOYMENT_TARGET = 10.0;
				MTL_ENABLE_DEBUG_INFO = YES;
				ONLY_ACTIVE_ARCH = YES;
				SDKROOT = iphoneos;
				SWIFT_ACTIVE_COMPILATION_CONDITIONS = DEBUG;
				SWIFT_OPTIMIZATION_LEVEL = "-Onone";
				TARGETED_DEVICE_FAMILY = "1,2";
			};
			name = Debug;
		};
		9F399BF31DAF5ABB0034D244 /* Release */ = {
			isa = XCBuildConfiguration;
			buildSettings = {
				ALWAYS_SEARCH_USER_PATHS = NO;
				CLANG_ANALYZER_NONNULL = YES;
				CLANG_CXX_LANGUAGE_STANDARD = "gnu++0x";
				CLANG_CXX_LIBRARY = "libc++";
				CLANG_ENABLE_MODULES = YES;
				CLANG_ENABLE_OBJC_ARC = YES;
				CLANG_WARN_BOOL_CONVERSION = YES;
				CLANG_WARN_CONSTANT_CONVERSION = YES;
				CLANG_WARN_DIRECT_OBJC_ISA_USAGE = YES_ERROR;
				CLANG_WARN_DOCUMENTATION_COMMENTS = YES;
				CLANG_WARN_EMPTY_BODY = YES;
				CLANG_WARN_ENUM_CONVERSION = YES;
				CLANG_WARN_INFINITE_RECURSION = YES;
				CLANG_WARN_INT_CONVERSION = YES;
				CLANG_WARN_OBJC_ROOT_CLASS = YES_ERROR;
				CLANG_WARN_SUSPICIOUS_MOVES = YES;
				CLANG_WARN_UNREACHABLE_CODE = YES;
				CLANG_WARN__DUPLICATE_METHOD_MATCH = YES;
				"CODE_SIGN_IDENTITY[sdk=iphoneos*]" = "iPhone Developer";
				COPY_PHASE_STRIP = NO;
				DEBUG_INFORMATION_FORMAT = "dwarf-with-dsym";
				ENABLE_NS_ASSERTIONS = NO;
				ENABLE_STRICT_OBJC_MSGSEND = YES;
				GCC_C_LANGUAGE_STANDARD = gnu99;
				GCC_NO_COMMON_BLOCKS = YES;
				GCC_WARN_64_TO_32_BIT_CONVERSION = YES;
				GCC_WARN_ABOUT_RETURN_TYPE = YES_ERROR;
				GCC_WARN_UNDECLARED_SELECTOR = YES;
				GCC_WARN_UNINITIALIZED_AUTOS = YES_AGGRESSIVE;
				GCC_WARN_UNUSED_FUNCTION = YES;
				GCC_WARN_UNUSED_VARIABLE = YES;
				IPHONEOS_DEPLOYMENT_TARGET = 10.0;
				MTL_ENABLE_DEBUG_INFO = NO;
				SDKROOT = iphoneos;
				SWIFT_OPTIMIZATION_LEVEL = "-Owholemodule";
				TARGETED_DEVICE_FAMILY = "1,2";
				VALIDATE_PRODUCT = YES;
			};
			name = Release;
		};
		9F399BF51DAF5ABB0034D244 /* Debug */ = {
			isa = XCBuildConfiguration;
			buildSettings = {
				ASSETCATALOG_COMPILER_APPICON_NAME = AppIcon;
				DEVELOPMENT_TEAM = "";
				INFOPLIST_FILE = "Swift-TimeMovie/Info.plist";
				LD_RUNPATH_SEARCH_PATHS = "$(inherited) @executable_path/Frameworks";
				PRODUCT_BUNDLE_IDENTIFIER = "LLQ.com.Swift-TimeMovie";
				PRODUCT_NAME = "$(TARGET_NAME)";
				SWIFT_VERSION = 3.0;
			};
			name = Debug;
		};
		9F399BF61DAF5ABB0034D244 /* Release */ = {
			isa = XCBuildConfiguration;
			buildSettings = {
				ASSETCATALOG_COMPILER_APPICON_NAME = AppIcon;
				DEVELOPMENT_TEAM = "";
				INFOPLIST_FILE = "Swift-TimeMovie/Info.plist";
				LD_RUNPATH_SEARCH_PATHS = "$(inherited) @executable_path/Frameworks";
				PRODUCT_BUNDLE_IDENTIFIER = "LLQ.com.Swift-TimeMovie";
				PRODUCT_NAME = "$(TARGET_NAME)";
				SWIFT_VERSION = 3.0;
			};
			name = Release;
		};
		9F399BF81DAF5ABB0034D244 /* Debug */ = {
			isa = XCBuildConfiguration;
			buildSettings = {
				ALWAYS_EMBED_SWIFT_STANDARD_LIBRARIES = YES;
				BUNDLE_LOADER = "$(TEST_HOST)";
				DEVELOPMENT_TEAM = GXJMB867PL;
				INFOPLIST_FILE = "Swift-TimeMovieTests/Info.plist";
				LD_RUNPATH_SEARCH_PATHS = "$(inherited) @executable_path/Frameworks @loader_path/Frameworks";
				PRODUCT_BUNDLE_IDENTIFIER = "LLQ.com.Swift-TimeMovieTests";
				PRODUCT_NAME = "$(TARGET_NAME)";
				SWIFT_VERSION = 3.0;
				TEST_HOST = "$(BUILT_PRODUCTS_DIR)/Swift-TimeMovie.app/Swift-TimeMovie";
			};
			name = Debug;
		};
		9F399BF91DAF5ABB0034D244 /* Release */ = {
			isa = XCBuildConfiguration;
			buildSettings = {
				ALWAYS_EMBED_SWIFT_STANDARD_LIBRARIES = YES;
				BUNDLE_LOADER = "$(TEST_HOST)";
				DEVELOPMENT_TEAM = GXJMB867PL;
				INFOPLIST_FILE = "Swift-TimeMovieTests/Info.plist";
				LD_RUNPATH_SEARCH_PATHS = "$(inherited) @executable_path/Frameworks @loader_path/Frameworks";
				PRODUCT_BUNDLE_IDENTIFIER = "LLQ.com.Swift-TimeMovieTests";
				PRODUCT_NAME = "$(TARGET_NAME)";
				SWIFT_VERSION = 3.0;
				TEST_HOST = "$(BUILT_PRODUCTS_DIR)/Swift-TimeMovie.app/Swift-TimeMovie";
			};
			name = Release;
		};
		9F399BFB1DAF5ABB0034D244 /* Debug */ = {
			isa = XCBuildConfiguration;
			buildSettings = {
				ALWAYS_EMBED_SWIFT_STANDARD_LIBRARIES = YES;
				DEVELOPMENT_TEAM = GXJMB867PL;
				INFOPLIST_FILE = "Swift-TimeMovieUITests/Info.plist";
				LD_RUNPATH_SEARCH_PATHS = "$(inherited) @executable_path/Frameworks @loader_path/Frameworks";
				PRODUCT_BUNDLE_IDENTIFIER = "LLQ.com.Swift-TimeMovieUITests";
				PRODUCT_NAME = "$(TARGET_NAME)";
				SWIFT_VERSION = 3.0;
				TEST_TARGET_NAME = "Swift-TimeMovie";
			};
			name = Debug;
		};
		9F399BFC1DAF5ABB0034D244 /* Release */ = {
			isa = XCBuildConfiguration;
			buildSettings = {
				ALWAYS_EMBED_SWIFT_STANDARD_LIBRARIES = YES;
				DEVELOPMENT_TEAM = GXJMB867PL;
				INFOPLIST_FILE = "Swift-TimeMovieUITests/Info.plist";
				LD_RUNPATH_SEARCH_PATHS = "$(inherited) @executable_path/Frameworks @loader_path/Frameworks";
				PRODUCT_BUNDLE_IDENTIFIER = "LLQ.com.Swift-TimeMovieUITests";
				PRODUCT_NAME = "$(TARGET_NAME)";
				SWIFT_VERSION = 3.0;
				TEST_TARGET_NAME = "Swift-TimeMovie";
			};
			name = Release;
		};
/* End XCBuildConfiguration section */

/* Begin XCConfigurationList section */
		9F399BC71DAF5ABB0034D244 /* Build configuration list for PBXProject "Swift-TimeMovie" */ = {
			isa = XCConfigurationList;
			buildConfigurations = (
				9F399BF21DAF5ABB0034D244 /* Debug */,
				9F399BF31DAF5ABB0034D244 /* Release */,
			);
			defaultConfigurationIsVisible = 0;
			defaultConfigurationName = Release;
		};
		9F399BF41DAF5ABB0034D244 /* Build configuration list for PBXNativeTarget "Swift-TimeMovie" */ = {
			isa = XCConfigurationList;
			buildConfigurations = (
				9F399BF51DAF5ABB0034D244 /* Debug */,
				9F399BF61DAF5ABB0034D244 /* Release */,
			);
			defaultConfigurationIsVisible = 0;
		};
		9F399BF71DAF5ABB0034D244 /* Build configuration list for PBXNativeTarget "Swift-TimeMovieTests" */ = {
			isa = XCConfigurationList;
			buildConfigurations = (
				9F399BF81DAF5ABB0034D244 /* Debug */,
				9F399BF91DAF5ABB0034D244 /* Release */,
			);
			defaultConfigurationIsVisible = 0;
		};
		9F399BFA1DAF5ABB0034D244 /* Build configuration list for PBXNativeTarget "Swift-TimeMovieUITests" */ = {
			isa = XCConfigurationList;
			buildConfigurations = (
				9F399BFB1DAF5ABB0034D244 /* Debug */,
				9F399BFC1DAF5ABB0034D244 /* Release */,
			);
			defaultConfigurationIsVisible = 0;
		};
/* End XCConfigurationList section */
	};
	rootObject = 9F399BC41DAF5ABB0034D244 /* Project object */;
}
